
Microsoft Visual Studio Solution File, Format Version 12.00
# Visual Studio 2012
Project("{8BC9CEB8-8B4A-11D0-8D11-00A0C91BC942}") = "HospitalInfoSys", "HospitalInfoSys\HospitalInfoSys.vcxproj", "{A2E337EB-02E8-4A73-8C55-ED1E933D2B89}"
EndProject
Global
	GlobalSection(SolutionConfigurationPlatforms) = preSolution
		Debug|Win32 = Debug|Win32
		Release|Win32 = Release|Win32
	EndGlobalSection
	GlobalSection(ProjectConfigurationPlatforms) = postSolution
		{A2E337EB-02E8-4A73-8C55-ED1E933D2B89}.Debug|Win32.ActiveCfg = Debug|Win32
		{A2E337EB-02E8-4A73-8C55-ED1E933D2B89}.Debug|Win32.Build.0 = Debug|Win32
		{A2E337EB-02E8-4A73-8C55-ED1E933D2B89}.Release|Win32.ActiveCfg = Release|Win32
		{A2E337EB-02E8-4A73-8C55-ED1E933D2B89}.Release|Win32.Build.0 = Release|Win32
	EndGlobalSection
	GlobalSection(SolutionProperties) = preSolution
		HideSolutionNode = FALSE
	EndGlobalSection
EndGlobal
